// !$*UTF8*$!
{
	archiveVersion = 1;
	classes = {
	};
	objectVersion = 55;
	objects = {

/* Begin PBXBuildFile section */
		588CF4D5287102F600F9E784 /* AppDelegate.m in Sources */ = {isa = PBXBuildFile; fileRef = 588CF4D4287102F600F9E784 /* AppDelegate.m */; };
		588CF4D8287102F600F9E784 /* SceneDelegate.m in Sources */ = {isa = PBXBuildFile; fileRef = 588CF4D7287102F600F9E784 /* SceneDelegate.m */; };
		588CF4DE287102F600F9E784 /* Main.storyboard in Resources */ = {isa = PBXBuildFile; fileRef = 588CF4DC287102F600F9E784 /* Main.storyboard */; };
		588CF4E0287102FF00F9E784 /* Assets.xcassets in Resources */ = {isa = PBXBuildFile; fileRef = 588CF4DF287102FF00F9E784 /* Assets.xcassets */; };
		588CF4E3287102FF00F9E784 /* LaunchScreen.storyboard in Resources */ = {isa = PBXBuildFile; fileRef = 588CF4E1287102FF00F9E784 /* LaunchScreen.storyboard */; };
		588CF4E6287102FF00F9E784 /* main.m in Sources */ = {isa = PBXBuildFile; fileRef = 588CF4E5287102FF00F9E784 /* main.m */; };
		588CF4F02871030000F9E784 /* TippyTests.m in Sources */ = {isa = PBXBuildFile; fileRef = 588CF4EF2871030000F9E784 /* TippyTests.m */; };
		588CF4FA2871030000F9E784 /* TippyUITests.m in Sources */ = {isa = PBXBuildFile; fileRef = 588CF4F92871030000F9E784 /* TippyUITests.m */; };
		588CF4FC2871030000F9E784 /* TippyUITestsLaunchTests.m in Sources */ = {isa = PBXBuildFile; fileRef = 588CF4FB2871030000F9E784 /* TippyUITestsLaunchTests.m */; };
		588CF50A2871149D00F9E784 /* TipViewController.m in Sources */ = {isa = PBXBuildFile; fileRef = 588CF5092871149D00F9E784 /* TipViewController.m */; };
		588CF50D2872326400F9E784 /* SettingsViewController.m in Sources */ = {isa = PBXBuildFile; fileRef = 588CF50C2872326400F9E784 /* SettingsViewController.m */; };
/* End PBXBuildFile section */

/* Begin PBXContainerItemProxy section */
		588CF4EC2871030000F9E784 /* PBXContainerItemProxy */ = {
			isa = PBXContainerItemProxy;
			containerPortal = 588CF4C8287102F600F9E784 /* Project object */;
			proxyType = 1;
			remoteGlobalIDString = 588CF4CF287102F600F9E784;
			remoteInfo = Tippy;
		};
		588CF4F62871030000F9E784 /* PBXContainerItemProxy */ = {
			isa = PBXContainerItemProxy;
			containerPortal = 588CF4C8287102F600F9E784 /* Project object */;
			proxyType = 1;
			remoteGlobalIDString = 588CF4CF287102F600F9E784;
			remoteInfo = Tippy;
		};
/* End PBXContainerItemProxy section */

/* Begin PBXFileReference section */
		588CF4D0287102F600F9E784 /* Tippy.app */ = {isa = PBXFileReference; explicitFileType = wrapper.application; includeInIndex = 0; path = Tippy.app; sourceTree = BUILT_PRODUCTS_DIR; };
		588CF4D3287102F600F9E784 /* AppDelegate.h */ = {isa = PBXFileReference; lastKnownFileType = sourcecode.c.h; path = AppDelegate.h; sourceTree = "<group>"; };
		588CF4D4287102F600F9E784 /* AppDelegate.m */ = {isa = PBXFileReference; lastKnownFileType = sourcecode.c.objc; path = AppDelegate.m; sourceTree = "<group>"; };
		588CF4D6287102F600F9E784 /* SceneDelegate.h */ = {isa = PBXFileReference; lastKnownFileType = sourcecode.c.h; path = SceneDelegate.h; sourceTree = "<group>"; };
		588CF4D7287102F600F9E784 /* SceneDelegate.m */ = {isa = PBXFileReference; lastKnownFileType = sourcecode.c.objc; path = SceneDelegate.m; sourceTree = "<group>"; };
		588CF4DD287102F600F9E784 /* Base */ = {isa = PBXFileReference; lastKnownFileType = file.storyboard; name = Base; path = Base.lproj/Main.storyboard; sourceTree = "<group>"; };
		588CF4DF287102FF00F9E784 /* Assets.xcassets */ = {isa = PBXFileReference; lastKnownFileType = folder.assetcatalog; path = Assets.xcassets; sourceTree = "<group>"; };
		588CF4E2287102FF00F9E784 /* Base */ = {isa = PBXFileReference; lastKnownFileType = file.storyboard; name = Base; path = Base.lproj/LaunchScreen.storyboard; sourceTree = "<group>"; };
		588CF4E4287102FF00F9E784 /* Info.plist */ = {isa = PBXFileReference; lastKnownFileType = text.plist.xml; path = Info.plist; sourceTree = "<group>"; };
		588CF4E5287102FF00F9E784 /* main.m */ = {isa = PBXFileReference; lastKnownFileType = sourcecode.c.objc; path = main.m; sourceTree = "<group>"; };
		588CF4EB2871030000F9E784 /* TippyTests.xctest */ = {isa = PBXFileReference; explicitFileType = wrapper.cfbundle; includeInIndex = 0; path = TippyTests.xctest; sourceTree = BUILT_PRODUCTS_DIR; };
		588CF4EF2871030000F9E784 /* TippyTests.m */ = {isa = PBXFileReference; lastKnownFileType = sourcecode.c.objc; path = TippyTests.m; sourceTree = "<group>"; };
		588CF4F52871030000F9E784 /* TippyUITests.xctest */ = {isa = PBXFileReference; explicitFileType = wrapper.cfbundle; includeInIndex = 0; path = TippyUITests.xctest; sourceTree = BUILT_PRODUCTS_DIR; };
		588CF4F92871030000F9E784 /* TippyUITests.m */ = {isa = PBXFileReference; lastKnownFileType = sourcecode.c.objc; path = TippyUITests.m; sourceTree = "<group>"; };
		588CF4FB2871030000F9E784 /* TippyUITestsLaunchTests.m */ = {isa = PBXFileReference; lastKnownFileType = sourcecode.c.objc; path = TippyUITestsLaunchTests.m; sourceTree = "<group>"; };
		588CF5082871149D00F9E784 /* TipViewController.h */ = {isa = PBXFileReference; lastKnownFileType = sourcecode.c.h; path = TipViewController.h; sourceTree = "<group>"; };
		588CF5092871149D00F9E784 /* TipViewController.m */ = {isa = PBXFileReference; lastKnownFileType = sourcecode.c.objc; path = TipViewController.m; sourceTree = "<group>"; };
		588CF50B2872326400F9E784 /* SettingsViewController.h */ = {isa = PBXFileReference; lastKnownFileType = sourcecode.c.h; path = SettingsViewController.h; sourceTree = "<group>"; };
		588CF50C2872326400F9E784 /* SettingsViewController.m */ = {isa = PBXFileReference; lastKnownFileType = sourcecode.c.objc; path = SettingsViewController.m; sourceTree = "<group>"; };
/* End PBXFileReference section */

/* Begin PBXFrameworksBuildPhase section */
		588CF4CD287102F600F9E784 /* Frameworks */ = {
			isa = PBXFrameworksBuildPhase;
			buildActionMask = 2147483647;
			files = (
			);
			runOnlyForDeploymentPostprocessing = 0;
		};
		588CF4E82871030000F9E784 /* Frameworks */ = {
			isa = PBXFrameworksBuildPhase;
			buildActionMask = 2147483647;
			files = (
			);
			runOnlyForDeploymentPostprocessing = 0;
		};
		588CF4F22871030000F9E784 /* Frameworks */ = {
			isa = PBXFrameworksBuildPhase;
			buildActionMask = 2147483647;
			files = (
			);
			runOnlyForDeploymentPostprocessing = 0;
		};
/* End PBXFrameworksBuildPhase section */

/* Begin PBXGroup section */
		588CF4C7287102F500F9E784 = {
			isa = PBXGroup;
			children = (
				588CF4D2287102F600F9E784 /* Tippy */,
				588CF4EE2871030000F9E784 /* TippyTests */,
				588CF4F82871030000F9E784 /* TippyUITests */,
				588CF4D1287102F600F9E784 /* Products */,
			);
			sourceTree = "<group>";
		};
		588CF4D1287102F600F9E784 /* Products */ = {
			isa = PBXGroup;
			children = (
				588CF4D0287102F600F9E784 /* Tippy.app */,
				588CF4EB2871030000F9E784 /* TippyTests.xctest */,
				588CF4F52871030000F9E784 /* TippyUITests.xctest */,
			);
			name = Products;
			sourceTree = "<group>";
		};
		588CF4D2287102F600F9E784 /* Tippy */ = {
			isa = PBXGroup;
			children = (
				588CF50B2872326400F9E784 /* SettingsViewController.h */,
				588CF50C2872326400F9E784 /* SettingsViewController.m */,
				588CF4D3287102F600F9E784 /* AppDelegate.h */,
				588CF4D4287102F600F9E784 /* AppDelegate.m */,
				588CF4D6287102F600F9E784 /* SceneDelegate.h */,
				588CF4D7287102F600F9E784 /* SceneDelegate.m */,
				588CF4DC287102F600F9E784 /* Main.storyboard */,
				588CF5082871149D00F9E784 /* TipViewController.h */,
				588CF5092871149D00F9E784 /* TipViewController.m */,
				588CF4DF287102FF00F9E784 /* Assets.xcassets */,
				588CF4E1287102FF00F9E784 /* LaunchScreen.storyboard */,
				588CF4E4287102FF00F9E784 /* Info.plist */,
				588CF4E5287102FF00F9E784 /* main.m */,
			);
			path = Tippy;
			sourceTree = "<group>";
		};
		588CF4EE2871030000F9E784 /* TippyTests */ = {
			isa = PBXGroup;
			children = (
				588CF4EF2871030000F9E784 /* TippyTests.m */,
			);
			path = TippyTests;
			sourceTree = "<group>";
		};
		588CF4F82871030000F9E784 /* TippyUITests */ = {
			isa = PBXGroup;
			children = (
				588CF4F92871030000F9E784 /* TippyUITests.m */,
				588CF4FB2871030000F9E784 /* TippyUITestsLaunchTests.m */,
			);
			path = TippyUITests;
			sourceTree = "<group>";
		};
/* End PBXGroup section */

/* Begin PBXNativeTarget section */
		588CF4CF287102F600F9E784 /* Tippy */ = {
			isa = PBXNativeTarget;
			buildConfigurationList = 588CF4FF2871030000F9E784 /* Build configuration list for PBXNativeTarget "Tippy" */;
			buildPhases = (
				588CF4CC287102F600F9E784 /* Sources */,
				588CF4CD287102F600F9E784 /* Frameworks */,
				588CF4CE287102F600F9E784 /* Resources */,
			);
			buildRules = (
			);
			dependencies = (
			);
			name = Tippy;
			productName = Tippy;
			productReference = 588CF4D0287102F600F9E784 /* Tippy.app */;
			productType = "com.apple.product-type.application";
		};
		588CF4EA2871030000F9E784 /* TippyTests */ = {
			isa = PBXNativeTarget;
			buildConfigurationList = 588CF5022871030000F9E784 /* Build configuration list for PBXNativeTarget "TippyTests" */;
			buildPhases = (
				588CF4E72871030000F9E784 /* Sources */,
				588CF4E82871030000F9E784 /* Frameworks */,
				588CF4E92871030000F9E784 /* Resources */,
			);
			buildRules = (
			);
			dependencies = (
				588CF4ED2871030000F9E784 /* PBXTargetDependency */,
			);
			name = TippyTests;
			productName = TippyTests;
			productReference = 588CF4EB2871030000F9E784 /* TippyTests.xctest */;
			productType = "com.apple.product-type.bundle.unit-test";
		};
		588CF4F42871030000F9E784 /* TippyUITests */ = {
			isa = PBXNativeTarget;
			buildConfigurationList = 588CF5052871030000F9E784 /* Build configuration list for PBXNativeTarget "TippyUITests" */;
			buildPhases = (
				588CF4F12871030000F9E784 /* Sources */,
				588CF4F22871030000F9E784 /* Frameworks */,
				588CF4F32871030000F9E784 /* Resources */,
			);
			buildRules = (
			);
			dependencies = (
				588CF4F72871030000F9E784 /* PBXTargetDependency */,
			);
			name = TippyUITests;
			productName = TippyUITests;
			productReference = 588CF4F52871030000F9E784 /* TippyUITests.xctest */;
			productType = "com.apple.product-type.bundle.ui-testing";
		};
/* End PBXNativeTarget section */

/* Begin PBXProject section */
		588CF4C8287102F600F9E784 /* Project object */ = {
			isa = PBXProject;
			attributes = {
				BuildIndependentTargetsInParallel = 1;
				LastUpgradeCheck = 1320;
				TargetAttributes = {
					588CF4CF287102F600F9E784 = {
						CreatedOnToolsVersion = 13.2.1;
					};
					588CF4EA2871030000F9E784 = {
						CreatedOnToolsVersion = 13.2.1;
						TestTargetID = 588CF4CF287102F600F9E784;
					};
					588CF4F42871030000F9E784 = {
						CreatedOnToolsVersion = 13.2.1;
						TestTargetID = 588CF4CF287102F600F9E784;
					};
				};
			};
			buildConfigurationList = 588CF4CB287102F600F9E784 /* Build configuration list for PBXProject "Tippy" */;
			compatibilityVersion = "Xcode 13.0";
			developmentRegion = en;
			hasScannedForEncodings = 0;
			knownRegions = (
				en,
				Base,
			);
			mainGroup = 588CF4C7287102F500F9E784;
			productRefGroup = 588CF4D1287102F600F9E784 /* Products */;
			projectDirPath = "";
			projectRoot = "";
			targets = (
				588CF4CF287102F600F9E784 /* Tippy */,
				588CF4EA2871030000F9E784 /* TippyTests */,
				588CF4F42871030000F9E784 /* TippyUITests */,
			);
		};
/* End PBXProject section */

/* Begin PBXResourcesBuildPhase section */
		588CF4CE287102F600F9E784 /* Resources */ = {
			isa = PBXResourcesBuildPhase;
			buildActionMask = 2147483647;
			files = (
				588CF4E3287102FF00F9E784 /* LaunchScreen.storyboard in Resources */,
				588CF4E0287102FF00F9E784 /* Assets.xcassets in Resources */,
				588CF4DE287102F600F9E784 /* Main.storyboard in Resources */,
			);
			runOnlyForDeploymentPostprocessing = 0;
		};
		588CF4E92871030000F9E784 /* Resources */ = {
			isa = PBXResourcesBuildPhase;
			buildActionMask = 2147483647;
			files = (
			);
			runOnlyForDeploymentPostprocessing = 0;
		};
		588CF4F32871030000F9E784 /* Resources */ = {
			isa = PBXResourcesBuildPhase;
			buildActionMask = 2147483647;
			files = (
			);
			runOnlyForDeploymentPostprocessing = 0;
		};
/* End PBXResourcesBuildPhase section */

/* Begin PBXSourcesBuildPhase section */
		588CF4CC287102F600F9E784 /* Sources */ = {
			isa = PBXSourcesBuildPhase;
			buildActionMask = 2147483647;
			files = (
				588CF4D5287102F600F9E784 /* AppDelegate.m in Sources */,
				588CF4E6287102FF00F9E784 /* main.m in Sources */,
				588CF50D2872326400F9E784 /* SettingsViewController.m in Sources */,
				588CF50A2871149D00F9E784 /* TipViewController.m in Sources */,
				588CF4D8287102F600F9E784 /* SceneDelegate.m in Sources */,
			);
			runOnlyForDeploymentPostprocessing = 0;
		};
		588CF4E72871030000F9E784 /* Sources */ = {
			isa = PBXSourcesBuildPhase;
			buildActionMask = 2147483647;
			files = (
				588CF4F02871030000F9E784 /* TippyTests.m in Sources */,
			);
			runOnlyForDeploymentPostprocessing = 0;
		};
		588CF4F12871030000F9E784 /* Sources */ = {
			isa = PBXSourcesBuildPhase;
			buildActionMask = 2147483647;
			files = (
				588CF4FA2871030000F9E784 /* TippyUITests.m in Sources */,
				588CF4FC2871030000F9E784 /* TippyUITestsLaunchTests.m in Sources */,
			);
			runOnlyForDeploymentPostprocessing = 0;
		};
/* End PBXSourcesBuildPhase section */

/* Begin PBXTargetDependency section */
		588CF4ED2871030000F9E784 /* PBXTargetDependency */ = {
			isa = PBXTargetDependency;
			target = 588CF4CF287102F600F9E784 /* Tippy */;
			targetProxy = 588CF4EC2871030000F9E784 /* PBXContainerItemProxy */;
		};
		588CF4F72871030000F9E784 /* PBXTargetDependency */ = {
			isa = PBXTargetDependency;
			target = 588CF4CF287102F600F9E784 /* Tippy */;
			targetProxy = 588CF4F62871030000F9E784 /* PBXContainerItemProxy */;
		};
/* End PBXTargetDependency section */

/* Begin PBXVariantGroup section */
		588CF4DC287102F600F9E784 /* Main.storyboard */ = {
			isa = PBXVariantGroup;
			children = (
				588CF4DD287102F600F9E784 /* Base */,
			);
			name = Main.storyboard;
			sourceTree = "<group>";
		};
		588CF4E1287102FF00F9E784 /* LaunchScreen.storyboard */ = {
			isa = PBXVariantGroup;
			children = (
				588CF4E2287102FF00F9E784 /* Base */,
			);
			name = LaunchScreen.storyboard;
			sourceTree = "<group>";
		};
/* End PBXVariantGroup section */

/* Begin XCBuildConfiguration section */
		588CF4FD2871030000F9E784 /* Debug */ = {
			isa = XCBuildConfiguration;
			buildSettings = {
				ALWAYS_SEARCH_USER_PATHS = NO;
				CLANG_ANALYZER_NONNULL = YES;
				CLANG_ANALYZER_NUMBER_OBJECT_CONVERSION = YES_AGGRESSIVE;
				CLANG_CXX_LANGUAGE_STANDARD = "gnu++17";
				CLANG_CXX_LIBRARY = "libc++";
				CLANG_ENABLE_MODULES = YES;
				CLANG_ENABLE_OBJC_ARC = YES;
				CLANG_ENABLE_OBJC_WEAK = YES;
				CLANG_WARN_BLOCK_CAPTURE_AUTORELEASING = YES;
				CLANG_WARN_BOOL_CONVERSION = YES;
				CLANG_WARN_COMMA = YES;
				CLANG_WARN_CONSTANT_CONVERSION = YES;
				CLANG_WARN_DEPRECATED_OBJC_IMPLEMENTATIONS = YES;
				CLANG_WARN_DIRECT_OBJC_ISA_USAGE = YES_ERROR;
				CLANG_WARN_DOCUMENTATION_COMMENTS = YES;
				CLANG_WARN_EMPTY_BODY = YES;
				CLANG_WARN_ENUM_CONVERSION = YES;
				CLANG_WARN_INFINITE_RECURSION = YES;
				CLANG_WARN_INT_CONVERSION = YES;
				CLANG_WARN_NON_LITERAL_NULL_CONVERSION = YES;
				CLANG_WARN_OBJC_IMPLICIT_RETAIN_SELF = YES;
				CLANG_WARN_OBJC_LITERAL_CONVERSION = YES;
				CLANG_WARN_OBJC_ROOT_CLASS = YES_ERROR;
				CLANG_WARN_QUOTED_INCLUDE_IN_FRAMEWORK_HEADER = YES;
				CLANG_WARN_RANGE_LOOP_ANALYSIS = YES;
				CLANG_WARN_STRICT_PROTOTYPES = YES;
				CLANG_WARN_SUSPICIOUS_MOVE = YES;
				CLANG_WARN_UNGUARDED_AVAILABILITY = YES_AGGRESSIVE;
				CLANG_WARN_UNREACHABLE_CODE = YES;
				CLANG_WARN__DUPLICATE_METHOD_MATCH = YES;
				COPY_PHASE_STRIP = NO;
				DEBUG_INFORMATION_FORMAT = dwarf;
				ENABLE_STRICT_OBJC_MSGSEND = YES;
				ENABLE_TESTABILITY = YES;
				GCC_C_LANGUAGE_STANDARD = gnu11;
				GCC_DYNAMIC_NO_PIC = NO;
				GCC_NO_COMMON_BLOCKS = YES;
				GCC_OPTIMIZATION_LEVEL = 0;
				GCC_PREPROCESSOR_DEFINITIONS = (
					"DEBUG=1",
					"$(inherited)",
				);
				GCC_WARN_64_TO_32_BIT_CONVERSION = YES;
				GCC_WARN_ABOUT_RETURN_TYPE = YES_ERROR;
				GCC_WARN_UNDECLARED_SELECTOR = YES;
				GCC_WARN_UNINITIALIZED_AUTOS = YES_AGGRESSIVE;
				GCC_WARN_UNUSED_FUNCTION = YES;
				GCC_WARN_UNUSED_VARIABLE = YES;
				IPHONEOS_DEPLOYMENT_TARGET = 15.2;
				MTL_ENABLE_DEBUG_INFO = INCLUDE_SOURCE;
				MTL_FAST_MATH = YES;
				ONLY_ACTIVE_ARCH = YES;
				SDKROOT = iphoneos;
			};
			name = Debug;
		};
		588CF4FE2871030000F9E784 /* Release */ = {
			isa = XCBuildConfiguration;
			buildSettings = {
				ALWAYS_SEARCH_USER_PATHS = NO;
				CLANG_ANALYZER_NONNULL = YES;
				CLANG_ANALYZER_NUMBER_OBJECT_CONVERSION = YES_AGGRESSIVE;
				CLANG_CXX_LANGUAGE_STANDARD = "gnu++17";
				CLANG_CXX_LIBRARY = "libc++";
				CLANG_ENABLE_MODULES = YES;
				CLANG_ENABLE_OBJC_ARC = YES;
				CLANG_ENABLE_OBJC_WEAK = YES;
				CLANG_WARN_BLOCK_CAPTURE_AUTORELEASING = YES;
				CLANG_WARN_BOOL_CONVERSION = YES;
				CLANG_WARN_COMMA = YES;
				CLANG_WARN_CONSTANT_CONVERSION = YES;
				CLANG_WARN_DEPRECATED_OBJC_IMPLEMENTATIONS = YES;
				CLANG_WARN_DIRECT_OBJC_ISA_USAGE = YES_ERROR;
				CLANG_WARN_DOCUMENTATION_COMMENTS = YES;
				CLANG_WARN_EMPTY_BODY = YES;
				CLANG_WARN_ENUM_CONVERSION = YES;
				CLANG_WARN_INFINITE_RECURSION = YES;
				CLANG_WARN_INT_CONVERSION = YES;
				CLANG_WARN_NON_LITERAL_NULL_CONVERSION = YES;
				CLANG_WARN_OBJC_IMPLICIT_RETAIN_SELF = YES;
				CLANG_WARN_OBJC_LITERAL_CONVERSION = YES;
				CLANG_WARN_OBJC_ROOT_CLASS = YES_ERROR;
				CLANG_WARN_QUOTED_INCLUDE_IN_FRAMEWORK_HEADER = YES;
				CLANG_WARN_RANGE_LOOP_ANALYSIS = YES;
				CLANG_WARN_STRICT_PROTOTYPES = YES;
				CLANG_WARN_SUSPICIOUS_MOVE = YES;
				CLANG_WARN_UNGUARDED_AVAILABILITY = YES_AGGRESSIVE;
				CLANG_WARN_UNREACHABLE_CODE = YES;
				CLANG_WARN__DUPLICATE_METHOD_MATCH = YES;
				COPY_PHASE_STRIP = NO;
				DEBUG_INFORMATION_FORMAT = "dwarf-with-dsym";
				ENABLE_NS_ASSERTIONS = NO;
				ENABLE_STRICT_OBJC_MSGSEND = YES;
				GCC_C_LANGUAGE_STANDARD = gnu11;
				GCC_NO_COMMON_BLOCKS = YES;
				GCC_WARN_64_TO_32_BIT_CONVERSION = YES;
				GCC_WARN_ABOUT_RETURN_TYPE = YES_ERROR;
				GCC_WARN_UNDECLARED_SELECTOR = YES;
				GCC_WARN_UNINITIALIZED_AUTOS = YES_AGGRESSIVE;
				GCC_WARN_UNUSED_FUNCTION = YES;
				GCC_WARN_UNUSED_VARIABLE = YES;
				IPHONEOS_DEPLOYMENT_TARGET = 15.2;
				MTL_ENABLE_DEBUG_INFO = NO;
				MTL_FAST_MATH = YES;
				SDKROOT = iphoneos;
				VALIDATE_PRODUCT = YES;
			};
			name = Release;
		};
		588CF5002871030000F9E784 /* Debug */ = {
			isa = XCBuildConfiguration;
			buildSettings = {
				ASSETCATALOG_COMPILER_APPICON_NAME = AppIcon;
				ASSETCATALOG_COMPILER_GLOBAL_ACCENT_COLOR_NAME = AccentColor;
				CODE_SIGN_STYLE = Automatic;
				CURRENT_PROJECT_VERSION = 1;
				GENERATE_INFOPLIST_FILE = YES;
				INFOPLIST_FILE = Tippy/Info.plist;
				INFOPLIST_KEY_UIApplicationSupportsIndirectInputEvents = YES;
				INFOPLIST_KEY_UILaunchStoryboardName = LaunchScreen;
				INFOPLIST_KEY_UIMainStoryboardFile = Main;
				INFOPLIST_KEY_UISupportedInterfaceOrientations_iPad = "UIInterfaceOrientationPortrait UIInterfaceOrientationPortraitUpsideDown UIInterfaceOrientationLandscapeLeft UIInterfaceOrientationLandscapeRight";
				INFOPLIST_KEY_UISupportedInterfaceOrientations_iPhone = "UIInterfaceOrientationPortrait UIInterfaceOrientationLandscapeLeft UIInterfaceOrientationLandscapeRight";
				LD_RUNPATH_SEARCH_PATHS = (
					"$(inherited)",
					"@executable_path/Frameworks",
				);
				MARKETING_VERSION = 1.0;
				PRODUCT_BUNDLE_IDENTIFIER = DFPR.Tippy;
				PRODUCT_NAME = "$(TARGET_NAME)";
				SWIFT_EMIT_LOC_STRINGS = YES;
				TARGETED_DEVICE_FAMILY = "1,2";
			};
			name = Debug;
		};
		588CF5012871030000F9E784 /* Release */ = {
			isa = XCBuildConfiguration;
			buildSettings = {
				ASSETCATALOG_COMPILER_APPICON_NAME = AppIcon;
				ASSETCATALOG_COMPILER_GLOBAL_ACCENT_COLOR_NAME = AccentColor;
				CODE_SIGN_STYLE = Automatic;
				CURRENT_PROJECT_VERSION = 1;
				GENERATE_INFOPLIST_FILE = YES;
				INFOPLIST_FILE = Tippy/Info.plist;
				INFOPLIST_KEY_UIApplicationSupportsIndirectInputEvents = YES;
				INFOPLIST_KEY_UILaunchStoryboardName = LaunchScreen;
				INFOPLIST_KEY_UIMainStoryboardFile = Main;
				INFOPLIST_KEY_UISupportedInterfaceOrientations_iPad = "UIInterfaceOrientationPortrait UIInterfaceOrientationPortraitUpsideDown UIInterfaceOrientationLandscapeLeft UIInterfaceOrientationLandscapeRight";
				INFOPLIST_KEY_UISupportedInterfaceOrientations_iPhone = "UIInterfaceOrientationPortrait UIInterfaceOrientationLandscapeLeft UIInterfaceOrientationLandscapeRight";
				LD_RUNPATH_SEARCH_PATHS = (
					"$(inherited)",
					"@executable_path/Frameworks",
				);
				MARKETING_VERSION = 1.0;
				PRODUCT_BUNDLE_IDENTIFIER = DFPR.Tippy;
				PRODUCT_NAME = "$(TARGET_NAME)";
				SWIFT_EMIT_LOC_STRINGS = YES;
				TARGETED_DEVICE_FAMILY = "1,2";
			};
			name = Release;
		};
		588CF5032871030000F9E784 /* Debug */ = {
			isa = XCBuildConfiguration;
			buildSettings = {
				BUNDLE_LOADER = "$(TEST_HOST)";
				CODE_SIGN_STYLE = Automatic;
				CURRENT_PROJECT_VERSION = 1;
				GENERATE_INFOPLIST_FILE = YES;
				IPHONEOS_DEPLOYMENT_TARGET = 15.2;
				MARKETING_VERSION = 1.0;
				PRODUCT_BUNDLE_IDENTIFIER = DFPR.TippyTests;
				PRODUCT_NAME = "$(TARGET_NAME)";
				SWIFT_EMIT_LOC_STRINGS = NO;
				TARGETED_DEVICE_FAMILY = "1,2";
				TEST_HOST = "$(BUILT_PRODUCTS_DIR)/Tippy.app/Tippy";
			};
			name = Debug;
		};
		588CF5042871030000F9E784 /* Release */ = {
			isa = XCBuildConfiguration;
			buildSettings = {
				BUNDLE_LOADER = "$(TEST_HOST)";
				CODE_SIGN_STYLE = Automatic;
				CURRENT_PROJECT_VERSION = 1;
				GENERATE_INFOPLIST_FILE = YES;
				IPHONEOS_DEPLOYMENT_TARGET = 15.2;
				MARKETING_VERSION = 1.0;
				PRODUCT_BUNDLE_IDENTIFIER = DFPR.TippyTests;
				PRODUCT_NAME = "$(TARGET_NAME)";
				SWIFT_EMIT_LOC_STRINGS = NO;
				TARGETED_DEVICE_FAMILY = "1,2";
				TEST_HOST = "$(BUILT_PRODUCTS_DIR)/Tippy.app/Tippy";
			};
			name = Release;
		};
		588CF5062871030000F9E784 /* Debug */ = {
			isa = XCBuildConfiguration;
			buildSettings = {
				CODE_SIGN_STYLE = Automatic;
				CURRENT_PROJECT_VERSION = 1;
				GENERATE_INFOPLIST_FILE = YES;
				MARKETING_VERSION = 1.0;
				PRODUCT_BUNDLE_IDENTIFIER = DFPR.TippyUITests;
				PRODUCT_NAME = "$(TARGET_NAME)";
				SWIFT_EMIT_LOC_STRINGS = NO;
				TARGETED_DEVICE_FAMILY = "1,2";
				TEST_TARGET_NAME = Tippy;
			};
			name = Debug;
		};
		588CF5072871030000F9E784 /* Release */ = {
			isa = XCBuildConfiguration;
			buildSettings = {
				CODE_SIGN_STYLE = Automatic;
				CURRENT_PROJECT_VERSION = 1;
				GENERATE_INFOPLIST_FILE = YES;
				MARKETING_VERSION = 1.0;
				PRODUCT_BUNDLE_IDENTIFIER = DFPR.TippyUITests;
				PRODUCT_NAME = "$(TARGET_NAME)";
				SWIFT_EMIT_LOC_STRINGS = NO;
				TARGETED_DEVICE_FAMILY = "1,2";
				TEST_TARGET_NAME = Tippy;
			};
			name = Release;
		};
/* End XCBuildConfiguration section */

/* Begin XCConfigurationList section */
		588CF4CB287102F600F9E784 /* Build configuration list for PBXProject "Tippy" */ = {
			isa = XCConfigurationList;
			buildConfigurations = (
				588CF4FD2871030000F9E784 /* Debug */,
				588CF4FE2871030000F9E784 /* Release */,
			);
			defaultConfigurationIsVisible = 0;
			defaultConfigurationName = Release;
		};
		588CF4FF2871030000F9E784 /* Build configuration list for PBXNativeTarget "Tippy" */ = {
			isa = XCConfigurationList;
			buildConfigurations = (
				588CF5002871030000F9E784 /* Debug */,
				588CF5012871030000F9E784 /* Release */,
			);
			defaultConfigurationIsVisible = 0;
			defaultConfigurationName = Release;
		};
		588CF5022871030000F9E784 /* Build configuration list for PBXNativeTarget "TippyTests" */ = {
			isa = XCConfigurationList;
			buildConfigurations = (
				588CF5032871030000F9E784 /* Debug */,
				588CF5042871030000F9E784 /* Release */,
			);
			defaultConfigurationIsVisible = 0;
			defaultConfigurationName = Release;
		};
		588CF5052871030000F9E784 /* Build configuration list for PBXNativeTarget "TippyUITests" */ = {
			isa = XCConfigurationList;
			buildConfigurations = (
				588CF5062871030000F9E784 /* Debug */,
				588CF5072871030000F9E784 /* Release */,
			);
			defaultConfigurationIsVisible = 0;
			defaultConfigurationName = Release;
		};
/* End XCConfigurationList section */
	};
	rootObject = 588CF4C8287102F600F9E784 /* Project object */;
}
